Microsoft Visual Studio Solution File, Format Version 12.00
# Visual Studio Version 17
VisualStudioVersion = 17.5.2.0
MinimumVisualStudioVersion = 10.0.40219.1
Project("{FAE04EC0-301F-11D3-BF4B-00C04F79EFBC}") = "LogicalFitness.Api", "LogicalFitness.Api.csproj", "{E0ED9773-EC93-14A3-CC10-A4950F3546CB}"
EndProject
Global
	GlobalSection(SolutionConfigurationPlatforms) = preSolution
		Debug|Any CPU = Debug|Any CPU
		Release|Any CPU = Release|Any CPU
	EndGlobalSection
	GlobalSection(ProjectConfigurationPlatforms) = postSolution
		{E0ED9773-EC93-14A3-CC10-A4950F3546CB}.Debug|Any CPU.ActiveCfg = Debug|Any CPU
		{E0ED9773-EC93-14A3-CC10-A4950F3546CB}.Debug|Any CPU.Build.0 = Debug|Any CPU
		{E0ED9773-EC93-14A3-CC10-A4950F3546CB}.Release|Any CPU.ActiveCfg = Release|Any CPU
		{E0ED9773-EC93-14A3-CC10-A4950F3546CB}.Release|Any CPU.Build.0 = Release|Any CPU
	EndGlobalSection
	GlobalSection(SolutionProperties) = preSolution
		HideSolutionNode = FALSE
	EndGlobalSection
	GlobalSection(ExtensibilityGlobals) = postSolution
		SolutionGuid = {65617A8A-3CC6-4643-93E5-4F8D8BF62549}
	EndGlobalSection
EndGlobal
